{
  "lockfile_version": "1",
  "packages": {
    "act@latest": {
      "last_modified": "2026-08-27T07:16:00Z",
      "resolved": "github:NixOS/nixpkgs/c27cdad491a991b11ed731760aa2ef8db0cb0410#act",
      "source": "devbox-search",
      "version": "0.2.89",
      "systems": {
        "aarch64-darwin": {
          "outputs": [
            {
              "name": "out",
              "path": "/nix/store/cz98ma0cdj5szlz60qy4dj6mw8xrhp7m-act-0.2.89",
              "default": true
            }
          ],
          "store_path": "/nix/store/cz98ma0cdj5szlz60qy4dj6mw8xrhp7m-act-0.2.89"
        },
        "aarch64-linux": {
          "outputs": [
            {
              "name": "out",
              "path": "/nix/store/gmmd6m6746g0bd3bg720jv2xgn476cjd-act-0.2.89",
              "default": true
            }
          ],
          "store_path": "/nix/store/gmmd6m6746g0bd3bg720jv2xgn476cjd-act-0.2.89"
        },
        "x86_64-darwin": {
          "outputs": [
            {
              "name": "out",
              "path": "/nix/store/8jl3zr56bwggpxwc4si162xd68kvcz9l-act-0.2.89",
              "default": true
            }
          ],
          "store_path": "/nix/store/8jl3zr56bwggpxwc4si162xd68kvcz9l-act-0.2.89"
        },
        "x86_64-linux": {
          "outputs": [
            {
              "name": "out",
              "path": "/nix/store/q7v3bnnhia2vqajvx6039yxkgs4v0wxm-act-0.2.89",
              "default": true
            }
          ],
          "store_path": "/nix/store/q7v3bnnhia2vqajvx6039yxkgs4v0wxm-act-0.2.89"
        }
      }
    },
    "actionlint@latest": {
      "last_modified": "2026-08-27T07:16:00Z",
      "resolved": "github:NixOS/nixpkgs/c27cdad491a991b11ed731760aa2ef8db0cb0410#actionlint",
      "source": "devbox-search",
      "version": "1.7.12",
      "systems": {
        "aarch64-darwin": {
          "outputs": [
            {
              "name": "out",
              "path": "/nix/store/sglg5r34lwm96k8k7krq4dniws4kpj6w-actionlint-1.7.12",
              "default": true
            }
          ],
          "store_path": "/nix/store/sglg5r34lwm96k8k7krq4dniws4kpj6w-actionlint-1.7.12"
        },
        "aarch64-linux": {
          "outputs": [
            {
              "name": "out",
              "path": "/nix/store/zzk60nb1qx8jjfd62md294nwq3w3nwa9-actionlint-1.7.12",
              "default": true
            }
          ],
          "store_path": "/nix/store/zzk60nb1qx8jjfd62md294nwq3w3nwa9-actionlint-1.7.12"
        },
        "x86_64-darwin": {
          "outputs": [
            {
              "name": "out",
              "path": "/nix/store/w4rjv0ikr5r5x54w758c8ck2016nmzsx-actionlint-1.7.12",
              "default": true
            }
          ],
          "store_path": "/nix/store/w4rjv0ikr5r5x54w758c8ck2016nmzsx-actionlint-1.7.12"
        },
        "x86_64-linux": {
          "outputs": [
            {
              "name": "out",
              "path": "/nix/store/r4vw89ai96l7s7avqpp9mkgb0vfz0k8y-actionlint-1.7.12",
              "default": true
            }
          ],
          "store_path": "/nix/store/r4vw89ai96l7s7avqpp9mkgb0vfz0k8y-actionlint-1.7.12"
        }
      }
    },
    "gh@latest": {
      "last_modified": "2026-08-27T07:16:00Z",
      "resolved": "github:NixOS/nixpkgs/c27cdad491a991b11ed731760aa2ef8db0cb0410#gh",
      "source": "devbox-search",
      "version": "2.98.0",
      "systems": {
        "aarch64-darwin": {
          "outputs": [
            {
              "name": "out",
              "path": "/nix/store/y81ibbw74n6mskwsh54hnvwblkw33yzb-gh-2.98.0",
              "default": true
            }
          ],
          "store_path": "/nix/store/y81ibbw74n6mskwsh54hnvwblkw33yzb-gh-2.98.0"
        },
        "aarch64-linux": {
          "outputs": [
            {
              "name": "out",
              "path": "/nix/store/j5mb4f9a0vbi5r89i00f548z0y5j1kp7-gh-2.98.0",
              "default": true
            }
          ],
          "store_path": "/nix/store/j5mb4f9a0vbi5r89i00f548z0y5j1kp7-gh-2.98.0"
        },
        "x86_64-linux": {
          "outputs": [
            {
              "name": "out",
              "path": "/nix/store/dpiajg8vgzpaq74jc79j01fd5bja3cik-gh-2.98.0",
              "default": true
            }
          ],
          "store_path": "/nix/store/dpiajg8vgzpaq74jc79j01fd5bja3cik-gh-2.98.0"
        }
      }
    },
    "github:NixOS/nixpkgs/nixpkgs-unstable": {
      "last_modified": "2026-09-14T07:18:56Z",
      "resolved": "github:NixOS/nixpkgs/c7def046b9a883d46974757852106483d741586f?lastModified=1789370336&narHash=sha256-6RSEDHIWQtesQKWSu5qRai8L2h4KgCgMEfJHstW99G4%3D"
    },
    "glibcLocales@latest": {
      "last_modified": "2026-08-27T07:16:00Z",
      "resolved": "github:NixOS/nixpkgs/c27cdad491a991b11ed731760aa2ef8db0cb0410#glibcLocales",
      "source": "devbox-search",
      "version": "2.42-84",
      "systems": {
        "aarch64-linux": {
          "outputs": [
            {
              "name": "out",
              "path": "/nix/store/iacrshzwi3r6k7jr98p94v3naji51f04-glibc-locales-2.42-84",
              "default": true
            }
          ],
          "store_path": "/nix/store/iacrshzwi3r6k7jr98p94v3naji51f04-glibc-locales-2.42-84"
        },
        "x86_64-linux": {
          "outputs": [
            {
              "name": "out",
              "path": "/nix/store/f65j04fnffn1wb67s11m8mhghf3xzpc1-glibc-locales-2.42-84",
              "default": true
            }
          ],
          "store_path": "/nix/store/f65j04fnffn1wb67s11m8mhghf3xzpc1-glibc-locales-2.42-84"
        }
      }
    },
    "jq@latest": {
      "last_modified": "2026-08-27T07:16:00Z",
      "resolved": "github:NixOS/nixpkgs/c27cdad491a991b11ed731760aa2ef8db0cb0410#jq",
      "source": "devbox-search",
      "version": "1.8.2",
      "systems": {
        "aarch64-darwin": {
          "outputs": [
            {
              "name": "bin",
              "path": "/nix/store/d01nk4ck93bwlzwbnnb1qf1kv4d94a09-jq-1.8.2-bin",
              "default": true
            },
            {
              "name": "man",
              "path": "/nix/store/s1d0597z830wrhza2g5b6i9a4a0jis8a-jq-1.8.2-man",
              "default": true
            },
            {
              "name": "out",
              "path": "/nix/store/bpfcs06n720irpzril2mh6z59ddafhzx-jq-1.8.2"
            },
            {
              "name": "dev",
              "path": "/nix/store/mf170p9ynrn0g7s5i8kw655i1q4dxl6y-jq-1.8.2-dev"
            },
            {
              "name": "doc",
              "path": "/nix/store/bhalwqvdympjhs6gj584d29bga0l8q3s-jq-1.8.2-doc"
            }
          ],
          "store_path": "/nix/store/d01nk4ck93bwlzwbnnb1qf1kv4d94a09-jq-1.8.2-bin"
        },
        "aarch64-linux": {
          "outputs": [
            {
              "name": "bin",
              "path": "/nix/store/hrr6n4qkb2j2rqh7a1jda0yc9gpa8h4d-jq-1.8.2-bin",
              "default": true
            },
            {
              "name": "man",
              "path": "/nix/store/y3rq55wvfwpfy45nmz6yc2vxgcr1zns5-jq-1.8.2-man",
              "default": true
            },
            {
              "name": "dev",
              "path": "/nix/store/xi52wx9sndkrrzp5wy2d8nrw1hysm8hc-jq-1.8.2-dev"
            },
            {
              "name": "doc",
              "path": "/nix/store/frrdd4c55msxdrd3fmyadyry5dwnnysd-jq-1.8.2-doc"
            },
            {
              "name": "out",
              "path": "/nix/store/qjpdggb1lyay7wv5a0p9j9cvj9y3j2a6-jq-1.8.2"
            }
          ],
          "store_path": "/nix/store/hrr6n4qkb2j2rqh7a1jda0yc9gpa8h4d-jq-1.8.2-bin"
        },
        "x86_64-linux": {
          "outputs": [
            {
              "name": "bin",
              "path": "/nix/store/xvd6920kffyyshg7mbw5wvfk6lg9wfkl-jq-1.8.2-bin",
              "default": true
            },
            {
              "name": "man",
              "path": "/nix/store/n36fiv9a8p19bcj6cyjfgmb0l9s55qfn-jq-1.8.2-man",
              "default": true
            },
            {
              "name": "dev",
              "path": "/nix/store/qavm4f7d2wm4s9v1ck90n200y20x95fm-jq-1.8.2-dev"
            },
            {
              "name": "doc",
              "path": "/nix/store/2ga5gcahn4vr0b5fmlinxbz1w2m4qm5g-jq-1.8.2-doc"
            },
            {
              "name": "out",
              "path": "/nix/store/d91mwgs15hv4ajza7jn6axyiwa07ga7m-jq-1.8.2"
            }
          ],
          "store_path": "/nix/store/xvd6920kffyyshg7mbw5wvfk6lg9wfkl-jq-1.8.2-bin"
        }
      }
    },
    "lefthook@latest": {
      "last_modified": "2026-08-27T07:16:00Z",
      "resolved": "github:NixOS/nixpkgs/c27cdad491a991b11ed731760aa2ef8db0cb0410#lefthook",
      "source": "devbox-search",
      "version": "2.1.10",
      "systems": {
        "aarch64-darwin": {
          "outputs": [
            {
              "name": "out",
              "path": "/nix/store/p9qmpwmv4r8igpgclxv9c3w37pnf4bpw-lefthook-2.1.10",
              "default": true
            }
          ],
          "store_path": "/nix/store/p9qmpwmv4r8igpgclxv9c3w37pnf4bpw-lefthook-2.1.10"
        },
        "aarch64-linux": {
          "outputs": [
            {
              "name": "out",
              "path": "/nix/store/hs4asvnkssmqgryq0hzg8prw2i5216ix-lefthook-2.1.10",
              "default": true
            }
          ],
          "store_path": "/nix/store/hs4asvnkssmqgryq0hzg8prw2i5216ix-lefthook-2.1.10"
        },
        "x86_64-linux": {
          "outputs": [
            {
              "name": "out",
              "path": "/nix/store/yvngyq9r8vj9jb0rwvx74bdqy3gc7kqy-lefthook-2.1.10",
              "default": true
            }
          ],
          "store_path": "/nix/store/yvngyq9r8vj9jb0rwvx74bdqy3gc7kqy-lefthook-2.1.10"
        }
      }
    },
    "mise@latest": {
      "last_modified": "2026-08-27T07:16:00Z",
      "resolved": "github:NixOS/nixpkgs/c27cdad491a991b11ed731760aa2ef8db0cb0410#mise",
      "source": "devbox-search",
      "version": "2026.8.6",
      "systems": {
        "aarch64-darwin": {
          "outputs": [
            {
              "name": "out",
              "path": "/nix/store/lw57mg5cfm1cw288y5z594x88y71p9yb-mise-2026.8.6",
              "default": true
            }
          ],
          "store_path": "/nix/store/lw57mg5cfm1cw288y5z594x88y71p9yb-mise-2026.8.6"
        },
        "aarch64-linux": {
          "outputs": [
            {
              "name": "out",
              "path": "/nix/store/3y2ka9210kidwj45hw1rzc1pxx0qv4ag-mise-2026.8.6",
              "default": true
            }
          ],
          "store_path": "/nix/store/3y2ka9210kidwj45hw1rzc1pxx0qv4ag-mise-2026.8.6"
        },
        "x86_64-linux": {
          "outputs": [
            {
              "name": "out",
              "path": "/nix/store/kask8rc5n2vrs492p1sq62vilj1sfdrs-mise-2026.8.6",
              "default": true
            }
          ],
          "store_path": "/nix/store/kask8rc5n2vrs492p1sq62vilj1sfdrs-mise-2026.8.6"
        }
      }
    },
    "pinact@latest": {
      "last_modified": "2026-08-27T07:16:00Z",
      "resolved": "github:NixOS/nixpkgs/c27cdad491a991b11ed731760aa2ef8db0cb0410#pinact",
      "source": "devbox-search",
      "version": "4.1.1",
      "systems": {
        "aarch64-darwin": {
          "outputs": [
            {
              "name": "out",
              "path": "/nix/store/f04sv5yjc790wp1b20y92agjj0v4wzc5-pinact-4.1.1",
              "default": true
            }
          ],
          "store_path": "/nix/store/f04sv5yjc790wp1b20y92agjj0v4wzc5-pinact-4.1.1"
        },
        "aarch64-linux": {
          "outputs": [
            {
              "name": "out",
              "path": "/nix/store/vwkjs07znkl0k17w2yh86n0wasi4048m-pinact-4.1.1",
              "default": true
            }
          ],
          "store_path": "/nix/store/vwkjs07znkl0k17w2yh86n0wasi4048m-pinact-4.1.1"
        },
        "x86_64-linux": {
          "outputs": [
            {
              "name": "out",
              "path": "/nix/store/9yr10b99nbd20yygjm4jpcr58arknx4q-pinact-4.1.1",
              "default": true
            }
          ],
          "store_path": "/nix/store/9yr10b99nbd20yygjm4jpcr58arknx4q-pinact-4.1.1"
        }
      }
    },
    "postgresql@18": {
      "last_modified": "2026-08-29T00:50:12Z",
      "plugin_version": "0.0.2",
      "resolved": "github:NixOS/nixpkgs/e8be7818e19ada32105a8af937a6a473b38167ca#postgresql",
      "source": "devbox-search",
      "version": "18.6",
      "systems": {
        "aarch64-darwin": {
          "outputs": [
            {
              "name": "out",
              "path": "/nix/store/zndqgdxn4p28iyax8raza3pfn7lkjw64-postgresql-18.6",
              "default": true
            },
            {
              "name": "man",
              "path": "/nix/store/vcpmm804kmh9d3dsa7lbs4sy31kzgdyv-postgresql-18.6-man",
              "default": true
            },
            {
              "name": "dev",
              "path": "/nix/store/g6mn0a7jc54a5yr76rq6x7crm91fmz57-postgresql-18.6-dev"
            },
            {
              "name": "doc",
              "path": "/nix/store/sz801w6452pq74bwipz6ncj180m64kgh-postgresql-18.6-doc"
            },
            {
              "name": "jit",
              "path": "/nix/store/wzfsmchzqzxpjj07ni1iacv8kn24crhp-postgresql-18.6-jit"
            },
            {
              "name": "lib",
              "path": "/nix/store/4n0cyq26dskdxq69d9c4hci8wkylh6bf-postgresql-18.6-lib"
            },
            {
              "name": "plperl",
              "path": "/nix/store/hxla2jzl7ayf414byhha12arg65ikbw3-postgresql-18.6-plperl"
            },
            {
              "name": "plpython3",
              "path": "/nix/store/ihpg04gy6kr3d4rr0m04n9sx7y50vbsn-postgresql-18.6-plpython3"
            },
            {
              "name": "pltcl",
              "path": "/nix/store/jsaccr2cdkxgsw7j40rsbri108z6ap86-postgresql-18.6-pltcl"
            }
          ],
          "store_path": "/nix/store/zndqgdxn4p28iyax8raza3pfn7lkjw64-postgresql-18.6"
        },
        "aarch64-linux": {
          "outputs": [
            {
              "name": "out",
              "path": "/nix/store/d3jgjf9yvbf5q3bh3d56vvr9x7ydsjgv-postgresql-18.6",
              "default": true
            },
            {
              "name": "man",
              "path": "/nix/store/hgv2f2547hv1mwdpr9h0z4fgbj5jcb5v-postgresql-18.6-man",
              "default": true
            },
            {
              "name": "plpython3",
              "path": "/nix/store/f533d0xrh4xmd569jls0iz46lqknrp88-postgresql-18.6-plpython3"
            },
            {
              "name": "pltcl",
              "path": "/nix/store/lj4klnqiqg7xkkkhmdy4n4d7r3svcyky-postgresql-18.6-pltcl"
            },
            {
              "name": "debug",
              "path": "/nix/store/4kw230jx32wm5mc8d1zr2xnlwil3v6s2-postgresql-18.6-debug"
            },
            {
              "name": "dev",
              "path": "/nix/store/8mjm908kr4ap1wwf6s5b7ar1dx1np0hp-postgresql-18.6-dev"
            },
            {
              "name": "doc",
              "path": "/nix/store/03q7nrv8lf3xn1yzjfphg4n4fxzsyzqw-postgresql-18.6-doc"
            },
            {
              "name": "jit",
              "path": "/nix/store/rxndbq1lal2i65a55myzddnlxcl898gj-postgresql-18.6-jit"
            },
            {
              "name": "lib",
              "path": "/nix/store/1p5llfgr4zza8dll1rnibc8x3qwq4gr7-postgresql-18.6-lib"
            },
            {
              "name": "plperl",
              "path": "/nix/store/sidyg3rfbmxbamv9xmhxasfpz8z8d1f5-postgresql-18.6-plperl"
            }
          ],
          "store_path": "/nix/store/d3jgjf9yvbf5q3bh3d56vvr9x7ydsjgv-postgresql-18.6"
        },
        "x86_64-linux": {
          "outputs": [
            {
              "name": "out",
              "path": "/nix/store/h9aczmrkpcmm9z47648m5n9sg67vi5gw-postgresql-18.6",
              "default": true
            },
            {
              "name": "man",
              "path": "/nix/store/pv5pg4q7k7261z2j7z5qs7frg0rvz9b3-postgresql-18.6-man",
              "default": true
            },
            {
              "name": "jit",
              "path": "/nix/store/0pm89bxz4n3bmhg43z9l5y0pj4wk6h49-postgresql-18.6-jit"
            },
            {
              "name": "lib",
              "path": "/nix/store/vgkmbbqcpmm5wagmf6gv8jv06v3lp21s-postgresql-18.6-lib"
            },
            {
              "name": "plpython3",
              "path": "/nix/store/y55nfhp3188m4k438hy6lw1h55z472ga-postgresql-18.6-plpython3"
            },
            {
              "name": "pltcl",
              "path": "/nix/store/x1mgd47yiskrnqd607fw7aj4mvgd8dmb-postgresql-18.6-pltcl"
            },
            {
              "name": "debug",
              "path": "/nix/store/g87ds83g9q0q50x3dvlvacw5fix0xdfx-postgresql-18.6-debug"
            },
            {
              "name": "dev",
              "path": "/nix/store/kyljy9lpzxcnj0mmayhn6pja667mxcqv-postgresql-18.6-dev"
            },
            {
              "name": "plperl",
              "path": "/nix/store/m6gjxgw9biyc46dg1sbsgycr3scqf4v8-postgresql-18.6-plperl"
            },
            {
              "name": "doc",
              "path": "/nix/store/8z4wgfcyc5a2qqmdg562qhyqi7c29l4g-postgresql-18.6-doc"
            }
          ],
          "store_path": "/nix/store/h9aczmrkpcmm9z47648m5n9sg67vi5gw-postgresql-18.6"
        }
      }
    },
    "vips@latest": {
      "last_modified": "2026-08-27T07:16:00Z",
      "resolved": "github:NixOS/nixpkgs/c27cdad491a991b11ed731760aa2ef8db0cb0410#vips",
      "source": "devbox-search",
      "version": "8.18.5",
      "systems": {
        "aarch64-darwin": {
          "outputs": [
            {
              "name": "bin",
              "path": "/nix/store/y5ch7k870083hci8lp9pyzyraa3zxbij-vips-8.18.5-bin",
              "default": true
            },
            {
              "name": "man",
              "path": "/nix/store/1f7vg29mgx9l63h1ipwz9vns80bv7hs4-vips-8.18.5-man",
              "default": true
            },
            {
              "name": "out",
              "path": "/nix/store/xhy48kwm51d2iprc1ij1snmlzv184361-vips-8.18.5"
            },
            {
              "name": "dev",
              "path": "/nix/store/as6y75854laaq3fhv0ymzdcrwg2xz36j-vips-8.18.5-dev"
            }
          ],
          "store_path": "/nix/store/y5ch7k870083hci8lp9pyzyraa3zxbij-vips-8.18.5-bin"
        },
        "aarch64-linux": {
          "outputs": [
            {
              "name": "bin",
              "path": "/nix/store/w0mfawnm21d1skvbsvm1fpvr7qfd4m9f-vips-8.18.5-bin",
              "default": true
            },
            {
              "name": "man",
              "path": "/nix/store/av86szb8xnpa32n05r5p5fp72lhgf7n1-vips-8.18.5-man",
              "default": true
            },
            {
              "name": "devdoc",
              "path": "/nix/store/qcwz3gqz3fq437k7nhrmfggcqs6hi5vy-vips-8.18.5-devdoc"
            },
            {
              "name": "out",
              "path": "/nix/store/nckaxhl4ps96vlwnvc9cs10gjjnwdlyx-vips-8.18.5"
            },
            {
              "name": "dev",
              "path": "/nix/store/ib74l59l8lz1fa3sgbd1ysfgjfsjnksm-vips-8.18.5-dev"
            }
          ],
          "store_path": "/nix/store/w0mfawnm21d1skvbsvm1fpvr7qfd4m9f-vips-8.18.5-bin"
        },
        "x86_64-linux": {
          "outputs": [
            {
              "name": "bin",
              "path": "/nix/store/3sr2xsy279d17jigc15jdvcv37cbiibj-vips-8.18.5-bin",
              "default": true
            },
            {
              "name": "man",
              "path": "/nix/store/jhkp1i01l6cl7zvk86b29ba0d1vvpdnr-vips-8.18.5-man",
              "default": true
            },
            {
              "name": "dev",
              "path": "/nix/store/6646c1ykrknavh3pszi5x5dsy7lwmns3-vips-8.18.5-dev"
            },
            {
              "name": "devdoc",
              "path": "/nix/store/x0d2l1pf0pmzhxyvrdgk6xwvrl85m13k-vips-8.18.5-devdoc"
            },
            {
              "name": "out",
              "path": "/nix/store/fm7lxlsf903lyv5m54y6g7mxmkk11lv6-vips-8.18.5"
            }
          ],
          "store_path": "/nix/store/3sr2xsy279d17jigc15jdvcv37cbiibj-vips-8.18.5-bin"
        }
      }
    },
    "watchman@latest": {
      "last_modified": "2026-08-27T07:16:00Z",
      "resolved": "github:NixOS/nixpkgs/c27cdad491a991b11ed731760aa2ef8db0cb0410#watchman",
      "source": "devbox-search",
      "version": "2026.07.27.00",
      "systems": {
        "aarch64-darwin": {
          "outputs": [
            {
              "name": "out",
              "path": "/nix/store/c9qhli1sdrlqb0ck27mhay3lygjq7jvq-watchman-2026.07.27.00",
              "default": true
            }
          ],
          "store_path": "/nix/store/c9qhli1sdrlqb0ck27mhay3lygjq7jvq-watchman-2026.07.27.00"
        },
        "aarch64-linux": {
          "outputs": [
            {
              "name": "out",
              "path": "/nix/store/am3rl6b136j891n0xl9vxssh5cf48n7k-watchman-2026.07.27.00",
              "default": true
            }
          ],
          "store_path": "/nix/store/am3rl6b136j891n0xl9vxssh5cf48n7k-watchman-2026.07.27.00"
        },
        "x86_64-linux": {
          "outputs": [
            {
              "name": "out",
              "path": "/nix/store/m12cfb146gpa1n5k4x9jd2907kdd0ylg-watchman-2026.07.27.00",
              "default": true
            }
          ],
          "store_path": "/nix/store/m12cfb146gpa1n5k4x9jd2907kdd0ylg-watchman-2026.07.27.00"
        }
      }
    },
    "yamllint@latest": {
      "last_modified": "2026-08-27T07:16:00Z",
      "resolved": "github:NixOS/nixpkgs/c27cdad491a991b11ed731760aa2ef8db0cb0410#yamllint",
      "source": "devbox-search",
      "version": "1.37.1",
      "systems": {
        "aarch64-darwin": {
          "outputs": [
            {
              "name": "out",
              "path": "/nix/store/f36awlm0ddvvvhb0sc17866fwqc22nzs-python3.14-yamllint-1.37.1",
              "default": true
            },
            {
              "name": "dist",
              "path": "/nix/store/irbfvpps45945xnwvx56gwhg9r415ziq-python3.14-yamllint-1.37.1-dist"
            }
          ],
          "store_path": "/nix/store/f36awlm0ddvvvhb0sc17866fwqc22nzs-python3.14-yamllint-1.37.1"
        },
        "aarch64-linux": {
          "outputs": [
            {
              "name": "out",
              "path": "/nix/store/pf4f0ckn1kmlzys4xx02i0khr3piwby4-python3.14-yamllint-1.37.1",
              "default": true
            },
            {
              "name": "dist",
              "path": "/nix/store/vwcv00y1sxx2v81cydsxx0jqk71y8jng-python3.14-yamllint-1.37.1-dist"
            }
          ],
          "store_path": "/nix/store/pf4f0ckn1kmlzys4xx02i0khr3piwby4-python3.14-yamllint-1.37.1"
        },
        "x86_64-darwin": {
          "outputs": [
            {
              "name": "out",
              "path": "/nix/store/bif9hvk42ynby7sdw88lax0j51kzlr2n-python3.13-yamllint-1.37.1",
              "default": true
            },
            {
              "name": "dist",
              "path": "/nix/store/qa1dq7xly19afgn165nf6572b3q61w1s-python3.13-yamllint-1.37.1-dist"
            }
          ],
          "store_path": "/nix/store/bif9hvk42ynby7sdw88lax0j51kzlr2n-python3.13-yamllint-1.37.1"
        },
        "x86_64-linux": {
          "outputs": [
            {
              "name": "out",
              "path": "/nix/store/jbhfmxfgpmnzf2b32i8cdiwlzir6nxw8-python3.14-yamllint-1.37.1",
              "default": true
            },
            {
              "name": "dist",
              "path": "/nix/store/734n3rgcg22kxg3vvjrsznh155y5nk3g-python3.14-yamllint-1.37.1-dist"
            }
          ],
          "store_path": "/nix/store/jbhfmxfgpmnzf2b32i8cdiwlzir6nxw8-python3.14-yamllint-1.37.1"
        }
      }
    }
  }
}
